
Microsoft Visual Studio Solution File, Format Version 12.00
# Visual Studio 14
VisualStudioVersion = 14.0.24720.0
MinimumVisualStudioVersion = 10.0.40219.1
Project("{FAE04EC0-301F-11D3-BF4B-00C04F79EFBC}") = "CA.App", "CA.App\CA.App.csproj", "{A353C66A-0CBD-4B21-9AE8-C4BF1EFA8E7F}"
EndProject
Project("{FAE04EC0-301F-11D3-BF4B-00C04F79EFBC}") = "CA.Domain", "CA.Domain\CA.Domain.csproj", "{600FF01B-BAE0-41E3-8D37-429D2C4557AE}"
EndProject
Global
	GlobalSection(SolutionConfigurationPlatforms) = preSolution
		Debug|Any CPU = Debug|Any CPU
		Release|Any CPU = Release|Any CPU
	EndGlobalSection
	GlobalSection(ProjectConfigurationPlatforms) = postSolution
		{A353C66A-0CBD-4B21-9AE8-C4BF1EFA8E7F}.Debug|Any CPU.ActiveCfg = Debug|Any CPU
		{A353C66A-0CBD-4B21-9AE8-C4BF1EFA8E7F}.Debug|Any CPU.Build.0 = Debug|Any CPU
		{A353C66A-0CBD-4B21-9AE8-C4BF1EFA8E7F}.Release|Any CPU.ActiveCfg = Release|Any CPU
		{A353C66A-0CBD-4B21-9AE8-C4BF1EFA8E7F}.Release|Any CPU.Build.0 = Release|Any CPU
		{600FF01B-BAE0-41E3-8D37-429D2C4557AE}.Debug|Any CPU.ActiveCfg = Debug|Any CPU
		{600FF01B-BAE0-41E3-8D37-429D2C4557AE}.Debug|Any CPU.Build.0 = Debug|Any CPU
		{600FF01B-BAE0-41E3-8D37-429D2C4557AE}.Release|Any CPU.ActiveCfg = Release|Any CPU
		{600FF01B-BAE0-41E3-8D37-429D2C4557AE}.Release|Any CPU.Build.0 = Release|Any CPU
	EndGlobalSection
	GlobalSection(SolutionProperties) = preSolution
		HideSolutionNode = FALSE
	EndGlobalSection
EndGlobal
